
Microsoft Visual Studio Solution File, Format Version 12.00
# Visual Studio Version 17
VisualStudioVersion = 17.9.34728.123
MinimumVisualStudioVersion = 10.0.40219.1
Project("{FAE04EC0-301F-11D3-BF4B-00C04F79EFBC}") = "HolaMundo", "HolaMundo\HolaMundo.csproj", "{8A4B34DA-10F4-476B-952C-ED27A6397BE3}"
EndProject
Global
	GlobalSection(SolutionConfigurationPlatforms) = preSolution
		Debug|Any CPU = Debug|Any CPU
		Release|Any CPU = Release|Any CPU
	EndGlobalSection
	GlobalSection(ProjectConfigurationPlatforms) = postSolution
		{8A4B34DA-10F4-476B-952C-ED27A6397BE3}.Debug|Any CPU.ActiveCfg = Debug|Any CPU
		{8A4B34DA-10F4-476B-952C-ED27A6397BE3}.Debug|Any CPU.Build.0 = Debug|Any CPU
		{8A4B34DA-10F4-476B-952C-ED27A6397BE3}.Release|Any CPU.ActiveCfg = Release|Any CPU
		{8A4B34DA-10F4-476B-952C-ED27A6397BE3}.Release|Any CPU.Build.0 = Release|Any CPU
	EndGlobalSection
	GlobalSection(SolutionProperties) = preSolution
		HideSolutionNode = FALSE
	EndGlobalSection
	GlobalSection(ExtensibilityGlobals) = postSolution
		SolutionGuid = {D9513839-F849-442F-86DC-78923B1A34CB}
	EndGlobalSection
EndGlobal
